// !$*UTF8*$!
{
	archiveVersion = 1;
	classes = {
	};
	objectVersion = 50;
	objects = {

/* Begin PBXBuildFile section */
		21227DD7213698030059E909 /* main.cpp in Sources */ = {isa = PBXBuildFile; fileRef = 21227DD6213698030059E909 /* main.cpp */; };
		21227DDF21369AA90059E909 /* boxCollision.cpp in Sources */ = {isa = PBXBuildFile; fileRef = 21227DDD21369AA90059E909 /* boxCollision.cpp */; };
		21227DE221369B740059E909 /* AABB.cpp in Sources */ = {isa = PBXBuildFile; fileRef = 21227DE021369B740059E909 /* AABB.cpp */; };
		21227DE52136AFA50059E909 /* point.cpp in Sources */ = {isa = PBXBuildFile; fileRef = 21227DE32136AFA50059E909 /* point.cpp */; };
/* End PBXBuildFile section */

/* Begin PBXCopyFilesBuildPhase section */
		21227DD1213698030059E909 /* CopyFiles */ = {
			isa = PBXCopyFilesBuildPhase;
			buildActionMask = 2147483647;
			dstPath = /usr/share/man/man1/;
			dstSubfolderSpec = 0;
			files = (
			);
			runOnlyForDeploymentPostprocessing = 1;
		};
/* End PBXCopyFilesBuildPhase section */

/* Begin PBXFileReference section */
		21227DD3213698030059E909 /* cpp-lab2 */ = {isa = PBXFileReference; explicitFileType = "compiled.mach-o.executable"; includeInIndex = 0; path = "cpp-lab2"; sourceTree = BUILT_PRODUCTS_DIR; };
		21227DD6213698030059E909 /* main.cpp */ = {isa = PBXFileReference; lastKnownFileType = sourcecode.cpp.cpp; path = main.cpp; sourceTree = "<group>"; };
		21227DDD21369AA90059E909 /* boxCollision.cpp */ = {isa = PBXFileReference; lastKnownFileType = sourcecode.cpp.cpp; path = boxCollision.cpp; sourceTree = "<group>"; };
		21227DDE21369AA90059E909 /* boxCollision.hpp */ = {isa = PBXFileReference; lastKnownFileType = sourcecode.cpp.h; path = boxCollision.hpp; sourceTree = "<group>"; };
		21227DE021369B740059E909 /* AABB.cpp */ = {isa = PBXFileReference; lastKnownFileType = sourcecode.cpp.cpp; path = AABB.cpp; sourceTree = "<group>"; };
		21227DE121369B740059E909 /* AABB.hpp */ = {isa = PBXFileReference; lastKnownFileType = sourcecode.cpp.h; path = AABB.hpp; sourceTree = "<group>"; };
		21227DE32136AFA50059E909 /* point.cpp */ = {isa = PBXFileReference; lastKnownFileType = sourcecode.cpp.cpp; path = point.cpp; sourceTree = "<group>"; };
		21227DE42136AFA50059E909 /* point.hpp */ = {isa = PBXFileReference; lastKnownFileType = sourcecode.cpp.h; path = point.hpp; sourceTree = "<group>"; };
/* End PBXFileReference section */

/* Begin PBXFrameworksBuildPhase section */
		21227DD0213698030059E909 /* Frameworks */ = {
			isa = PBXFrameworksBuildPhase;
			buildActionMask = 2147483647;
			files = (
			);
			runOnlyForDeploymentPostprocessing = 0;
		};
/* End PBXFrameworksBuildPhase section */

/* Begin PBXGroup section */
		21227DCA213698030059E909 = {
			isa = PBXGroup;
			children = (
				21227DD5213698030059E909 /* cpp-lab2 */,
				21227DD4213698030059E909 /* Products */,
			);
			sourceTree = "<group>";
		};
		21227DD4213698030059E909 /* Products */ = {
			isa = PBXGroup;
			children = (
				21227DD3213698030059E909 /* cpp-lab2 */,
			);
			name = Products;
			sourceTree = "<group>";
		};
		21227DD5213698030059E909 /* cpp-lab2 */ = {
			isa = PBXGroup;
			children = (
				21227DD6213698030059E909 /* main.cpp */,
				21227DDD21369AA90059E909 /* boxCollision.cpp */,
				21227DDE21369AA90059E909 /* boxCollision.hpp */,
				21227DE021369B740059E909 /* AABB.cpp */,
				21227DE121369B740059E909 /* AABB.hpp */,
				21227DE32136AFA50059E909 /* point.cpp */,
				21227DE42136AFA50059E909 /* point.hpp */,
			);
			path = "cpp-lab2";
			sourceTree = "<group>";
		};
/* End PBXGroup section */

/* Begin PBXNativeTarget section */
		21227DD2213698030059E909 /* cpp-lab2 */ = {
			isa = PBXNativeTarget;
			buildConfigurationList = 21227DDA213698030059E909 /* Build configuration list for PBXNativeTarget "cpp-lab2" */;
			buildPhases = (
				21227DCF213698030059E909 /* Sources */,
				21227DD0213698030059E909 /* Frameworks */,
				21227DD1213698030059E909 /* CopyFiles */,
			);
			buildRules = (
			);
			dependencies = (
			);
			name = "cpp-lab2";
			productName = "cpp-lab2";
			productReference = 21227DD3213698030059E909 /* cpp-lab2 */;
			productType = "com.apple.product-type.tool";
		};
/* End PBXNativeTarget section */

/* Begin PBXProject section */
		21227DCB213698030059E909 /* Project object */ = {
			isa = PBXProject;
			attributes = {
				LastUpgradeCheck = 0940;
				ORGANIZATIONNAME = "Mårten Hakkestad";
				TargetAttributes = {
					21227DD2213698030059E909 = {
						CreatedOnToolsVersion = 9.4.1;
					};
				};
			};
			buildConfigurationList = 21227DCE213698030059E909 /* Build configuration list for PBXProject "cpp-lab2" */;
			compatibilityVersion = "Xcode 9.3";
			developmentRegion = en;
			hasScannedForEncodings = 0;
			knownRegions = (
				en,
			);
			mainGroup = 21227DCA213698030059E909;
			productRefGroup = 21227DD4213698030059E909 /* Products */;
			projectDirPath = "";
			projectRoot = "";
			targets = (
				21227DD2213698030059E909 /* cpp-lab2 */,
			);
		};
/* End PBXProject section */

/* Begin PBXSourcesBuildPhase section */
		21227DCF213698030059E909 /* Sources */ = {
			isa = PBXSourcesBuildPhase;
			buildActionMask = 2147483647;
			files = (
				21227DE52136AFA50059E909 /* point.cpp in Sources */,
				21227DE221369B740059E909 /* AABB.cpp in Sources */,
				21227DDF21369AA90059E909 /* boxCollision.cpp in Sources */,
				21227DD7213698030059E909 /* main.cpp in Sources */,
			);
			runOnlyForDeploymentPostprocessing = 0;
		};
/* End PBXSourcesBuildPhase section */

/* Begin XCBuildConfiguration section */
		21227DD8213698030059E909 /* Debug */ = {
			isa = XCBuildConfiguration;
			buildSettings = {
				ALWAYS_SEARCH_USER_PATHS = NO;
				CLANG_ANALYZER_NONNULL = YES;
				CLANG_ANALYZER_NUMBER_OBJECT_CONVERSION = YES_AGGRESSIVE;
				CLANG_CXX_LANGUAGE_STANDARD = "gnu++14";
				CLANG_CXX_LIBRARY = "libc++";
				CLANG_ENABLE_MODULES = YES;
				CLANG_ENABLE_OBJC_ARC = YES;
				CLANG_ENABLE_OBJC_WEAK = YES;
				CLANG_WARN_BLOCK_CAPTURE_AUTORELEASING = YES;
				CLANG_WARN_BOOL_CONVERSION = YES;
				CLANG_WARN_COMMA = YES;
				CLANG_WARN_CONSTANT_CONVERSION = YES;
				CLANG_WARN_DEPRECATED_OBJC_IMPLEMENTATIONS = YES;
				CLANG_WARN_DIRECT_OBJC_ISA_USAGE = YES_ERROR;
				CLANG_WARN_DOCUMENTATION_COMMENTS = YES;
				CLANG_WARN_EMPTY_BODY = YES;
				CLANG_WARN_ENUM_CONVERSION = YES;
				CLANG_WARN_INFINITE_RECURSION = YES;
				CLANG_WARN_INT_CONVERSION = YES;
				CLANG_WARN_NON_LITERAL_NULL_CONVERSION = YES;
				CLANG_WARN_OBJC_IMPLICIT_RETAIN_SELF = YES;
				CLANG_WARN_OBJC_LITERAL_CONVERSION = YES;
				CLANG_WARN_OBJC_ROOT_CLASS = YES_ERROR;
				CLANG_WARN_RANGE_LOOP_ANALYSIS = YES;
				CLANG_WARN_STRICT_PROTOTYPES = YES;
				CLANG_WARN_SUSPICIOUS_MOVE = YES;
				CLANG_WARN_UNGUARDED_AVAILABILITY = YES_AGGRESSIVE;
				CLANG_WARN_UNREACHABLE_CODE = YES;
				CLANG_WARN__DUPLICATE_METHOD_MATCH = YES;
				CODE_SIGN_IDENTITY = "-";
				COPY_PHASE_STRIP = NO;
				DEBUG_INFORMATION_FORMAT = dwarf;
				ENABLE_STRICT_OBJC_MSGSEND = YES;
				ENABLE_TESTABILITY = YES;
				GCC_C_LANGUAGE_STANDARD = gnu11;
				GCC_DYNAMIC_NO_PIC = NO;
				GCC_NO_COMMON_BLOCKS = YES;
				GCC_OPTIMIZATION_LEVEL = 0;
				GCC_PREPROCESSOR_DEFINITIONS = (
					"DEBUG=1",
					"$(inherited)",
				);
				GCC_WARN_64_TO_32_BIT_CONVERSION = YES;
				GCC_WARN_ABOUT_RETURN_TYPE = YES_ERROR;
				GCC_WARN_UNDECLARED_SELECTOR = YES;
				GCC_WARN_UNINITIALIZED_AUTOS = YES_AGGRESSIVE;
				GCC_WARN_UNUSED_FUNCTION = YES;
				GCC_WARN_UNUSED_VARIABLE = YES;
				MACOSX_DEPLOYMENT_TARGET = 10.13;
				MTL_ENABLE_DEBUG_INFO = YES;
				ONLY_ACTIVE_ARCH = YES;
				SDKROOT = macosx;
			};
			name = Debug;
		};
		21227DD9213698030059E909 /* Release */ = {
			isa = XCBuildConfiguration;
			buildSettings = {
				ALWAYS_SEARCH_USER_PATHS = NO;
				CLANG_ANALYZER_NONNULL = YES;
				CLANG_ANALYZER_NUMBER_OBJECT_CONVERSION = YES_AGGRESSIVE;
				CLANG_CXX_LANGUAGE_STANDARD = "gnu++14";
				CLANG_CXX_LIBRARY = "libc++";
				CLANG_ENABLE_MODULES = YES;
				CLANG_ENABLE_OBJC_ARC = YES;
				CLANG_ENABLE_OBJC_WEAK = YES;
				CLANG_WARN_BLOCK_CAPTURE_AUTORELEASING = YES;
				CLANG_WARN_BOOL_CONVERSION = YES;
				CLANG_WARN_COMMA = YES;
				CLANG_WARN_CONSTANT_CONVERSION = YES;
				CLANG_WARN_DEPRECATED_OBJC_IMPLEMENTATIONS = YES;
				CLANG_WARN_DIRECT_OBJC_ISA_USAGE = YES_ERROR;
				CLANG_WARN_DOCUMENTATION_COMMENTS = YES;
				CLANG_WARN_EMPTY_BODY = YES;
				CLANG_WARN_ENUM_CONVERSION = YES;
				CLANG_WARN_INFINITE_RECURSION = YES;
				CLANG_WARN_INT_CONVERSION = YES;
				CLANG_WARN_NON_LITERAL_NULL_CONVERSION = YES;
				CLANG_WARN_OBJC_IMPLICIT_RETAIN_SELF = YES;
				CLANG_WARN_OBJC_LITERAL_CONVERSION = YES;
				CLANG_WARN_OBJC_ROOT_CLASS = YES_ERROR;
				CLANG_WARN_RANGE_LOOP_ANALYSIS = YES;
				CLANG_WARN_STRICT_PROTOTYPES = YES;
				CLANG_WARN_SUSPICIOUS_MOVE = YES;
				CLANG_WARN_UNGUARDED_AVAILABILITY = YES_AGGRESSIVE;
				CLANG_WARN_UNREACHABLE_CODE = YES;
				CLANG_WARN__DUPLICATE_METHOD_MATCH = YES;
				CODE_SIGN_IDENTITY = "-";
				COPY_PHASE_STRIP = NO;
				DEBUG_INFORMATION_FORMAT = "dwarf-with-dsym";
				ENABLE_NS_ASSERTIONS = NO;
				ENABLE_STRICT_OBJC_MSGSEND = YES;
				GCC_C_LANGUAGE_STANDARD = gnu11;
				GCC_NO_COMMON_BLOCKS = YES;
				GCC_WARN_64_TO_32_BIT_CONVERSION = YES;
				GCC_WARN_ABOUT_RETURN_TYPE = YES_ERROR;
				GCC_WARN_UNDECLARED_SELECTOR = YES;
				GCC_WARN_UNINITIALIZED_AUTOS = YES_AGGRESSIVE;
				GCC_WARN_UNUSED_FUNCTION = YES;
				GCC_WARN_UNUSED_VARIABLE = YES;
				MACOSX_DEPLOYMENT_TARGET = 10.13;
				MTL_ENABLE_DEBUG_INFO = NO;
				SDKROOT = macosx;
			};
			name = Release;
		};
		21227DDB213698030059E909 /* Debug */ = {
			isa = XCBuildConfiguration;
			buildSettings = {
				CODE_SIGN_STYLE = Automatic;
				PRODUCT_NAME = "$(TARGET_NAME)";
			};
			name = Debug;
		};
		21227DDC213698030059E909 /* Release */ = {
			isa = XCBuildConfiguration;
			buildSettings = {
				CODE_SIGN_STYLE = Automatic;
				PRODUCT_NAME = "$(TARGET_NAME)";
			};
			name = Release;
		};
/* End XCBuildConfiguration section */

/* Begin XCConfigurationList section */
		21227DCE213698030059E909 /* Build configuration list for PBXProject "cpp-lab2" */ = {
			isa = XCConfigurationList;
			buildConfigurations = (
				21227DD8213698030059E909 /* Debug */,
				21227DD9213698030059E909 /* Release */,
			);
			defaultConfigurationIsVisible = 0;
			defaultConfigurationName = Release;
		};
		21227DDA213698030059E909 /* Build configuration list for PBXNativeTarget "cpp-lab2" */ = {
			isa = XCConfigurationList;
			buildConfigurations = (
				21227DDB213698030059E909 /* Debug */,
				21227DDC213698030059E909 /* Release */,
			);
			defaultConfigurationIsVisible = 0;
			defaultConfigurationName = Release;
		};
/* End XCConfigurationList section */
	};
	rootObject = 21227DCB213698030059E909 /* Project object */;
}
